
Microsoft Visual Studio Solution File, Format Version 12.00
# Visual Studio Version 17
VisualStudioVersion = 17.8.34525.116
MinimumVisualStudioVersion = 10.0.40219.1
Project("{9A19103F-16F7-4668-BE54-9A1E7A4F7556}") = "AhMediaPlayer", "MauiMediaPlayer\AhMediaPlayer.csproj", "{F863CBEF-1DF9-4D54-9C06-208F339F29A3}"
EndProject
Project("{9A19103F-16F7-4668-BE54-9A1E7A4F7556}") = "AngelHornetLibrary", "..\AngelHornetLibrary\AngelHornetLibrary.csproj", "{598B7096-FEA4-413D-A60A-E1CE689AB6A9}"
EndProject
Project("{9A19103F-16F7-4668-BE54-9A1E7A4F7556}") = "Maui Cli", "CLI\Maui Cli.csproj", "{CA9EC9DD-9947-4336-8597-7608B524B3AA}"
EndProject
Project("{9A19103F-16F7-4668-BE54-9A1E7A4F7556}") = "DataLibrary", "DataLibrary\DataLibrary.csproj", "{40619503-73BC-4B32-B1E7-D5E659F0C5BA}"
EndProject
Project("{9A19103F-16F7-4668-BE54-9A1E7A4F7556}") = "CommonNet8", "CommonNet8\CommonNet8.csproj", "{EBD62B7C-A983-4EF4-AC66-C0921377BADF}"
EndProject
Project("{9A19103F-16F7-4668-BE54-9A1E7A4F7556}") = "ApiEndpoints", "API\ApiEndpoints.csproj", "{7CA3ED34-DB7B-417F-A0B9-A971716E1236}"
EndProject
Project("{9A19103F-16F7-4668-BE54-9A1E7A4F7556}") = "AhConfig", "Const\AhConfig.csproj", "{511EB28C-A8C8-4944-9789-A90CD6CF6B31}"
EndProject
Global
	GlobalSection(SolutionConfigurationPlatforms) = preSolution
		Debug|Any CPU = Debug|Any CPU
		Release|Any CPU = Release|Any CPU
	EndGlobalSection
	GlobalSection(ProjectConfigurationPlatforms) = postSolution
		{F863CBEF-1DF9-4D54-9C06-208F339F29A3}.Debug|Any CPU.ActiveCfg = Debug|Any CPU
		{F863CBEF-1DF9-4D54-9C06-208F339F29A3}.Debug|Any CPU.Build.0 = Debug|Any CPU
		{F863CBEF-1DF9-4D54-9C06-208F339F29A3}.Debug|Any CPU.Deploy.0 = Debug|Any CPU
		{F863CBEF-1DF9-4D54-9C06-208F339F29A3}.Release|Any CPU.ActiveCfg = Release|Any CPU
		{F863CBEF-1DF9-4D54-9C06-208F339F29A3}.Release|Any CPU.Build.0 = Release|Any CPU
		{F863CBEF-1DF9-4D54-9C06-208F339F29A3}.Release|Any CPU.Deploy.0 = Release|Any CPU
		{598B7096-FEA4-413D-A60A-E1CE689AB6A9}.Debug|Any CPU.ActiveCfg = Debug|Any CPU
		{598B7096-FEA4-413D-A60A-E1CE689AB6A9}.Debug|Any CPU.Build.0 = Debug|Any CPU
		{598B7096-FEA4-413D-A60A-E1CE689AB6A9}.Release|Any CPU.ActiveCfg = Release|Any CPU
		{598B7096-FEA4-413D-A60A-E1CE689AB6A9}.Release|Any CPU.Build.0 = Release|Any CPU
		{CA9EC9DD-9947-4336-8597-7608B524B3AA}.Debug|Any CPU.ActiveCfg = Debug|Any CPU
		{CA9EC9DD-9947-4336-8597-7608B524B3AA}.Debug|Any CPU.Build.0 = Debug|Any CPU
		{CA9EC9DD-9947-4336-8597-7608B524B3AA}.Release|Any CPU.ActiveCfg = Release|Any CPU
		{CA9EC9DD-9947-4336-8597-7608B524B3AA}.Release|Any CPU.Build.0 = Release|Any CPU
		{40619503-73BC-4B32-B1E7-D5E659F0C5BA}.Debug|Any CPU.ActiveCfg = Debug|Any CPU
		{40619503-73BC-4B32-B1E7-D5E659F0C5BA}.Debug|Any CPU.Build.0 = Debug|Any CPU
		{40619503-73BC-4B32-B1E7-D5E659F0C5BA}.Release|Any CPU.ActiveCfg = Release|Any CPU
		{40619503-73BC-4B32-B1E7-D5E659F0C5BA}.Release|Any CPU.Build.0 = Release|Any CPU
		{EBD62B7C-A983-4EF4-AC66-C0921377BADF}.Debug|Any CPU.ActiveCfg = Debug|Any CPU
		{EBD62B7C-A983-4EF4-AC66-C0921377BADF}.Debug|Any CPU.Build.0 = Debug|Any CPU
		{EBD62B7C-A983-4EF4-AC66-C0921377BADF}.Release|Any CPU.ActiveCfg = Release|Any CPU
		{EBD62B7C-A983-4EF4-AC66-C0921377BADF}.Release|Any CPU.Build.0 = Release|Any CPU
		{7CA3ED34-DB7B-417F-A0B9-A971716E1236}.Debug|Any CPU.ActiveCfg = Debug|Any CPU
		{7CA3ED34-DB7B-417F-A0B9-A971716E1236}.Debug|Any CPU.Build.0 = Debug|Any CPU
		{7CA3ED34-DB7B-417F-A0B9-A971716E1236}.Release|Any CPU.ActiveCfg = Release|Any CPU
		{7CA3ED34-DB7B-417F-A0B9-A971716E1236}.Release|Any CPU.Build.0 = Release|Any CPU
		{511EB28C-A8C8-4944-9789-A90CD6CF6B31}.Debug|Any CPU.ActiveCfg = Debug|Any CPU
		{511EB28C-A8C8-4944-9789-A90CD6CF6B31}.Debug|Any CPU.Build.0 = Debug|Any CPU
		{511EB28C-A8C8-4944-9789-A90CD6CF6B31}.Release|Any CPU.ActiveCfg = Release|Any CPU
		{511EB28C-A8C8-4944-9789-A90CD6CF6B31}.Release|Any CPU.Build.0 = Release|Any CPU
	EndGlobalSection
	GlobalSection(SolutionProperties) = preSolution
		HideSolutionNode = FALSE
	EndGlobalSection
	GlobalSection(ExtensibilityGlobals) = postSolution
		SolutionGuid = {16A6CC56-D470-410F-A917-571CD44C95E2}
	EndGlobalSection
EndGlobal
